
Microsoft Visual Studio Solution File, Format Version 12.00
# Visual Studio Version 16
VisualStudioVersion = 16.0.31005.135
MinimumVisualStudioVersion = 10.0.40219.1
Project("{9A19103F-16F7-4668-BE54-9A1E7A4F7556}") = "Mydemenageur.API", "Mydemenageur.API\Mydemenageur.API.csproj", "{B2BFABAD-DB46-4F4B-B3DC-38EC5959BE8E}"
EndProject
Project("{FAE04EC0-301F-11D3-BF4B-00C04F79EFBC}") = "Mydemenageur.IntegrationTests", "Mydemenageur.IntegrationTests\Mydemenageur.IntegrationTests.csproj", "{B4FD2543-DF4D-4F97-94DF-9EEBE4EE0EE4}"
EndProject
Global
	GlobalSection(SolutionConfigurationPlatforms) = preSolution
		Debug|Any CPU = Debug|Any CPU
		Release|Any CPU = Release|Any CPU
	EndGlobalSection
	GlobalSection(ProjectConfigurationPlatforms) = postSolution
		{B2BFABAD-DB46-4F4B-B3DC-38EC5959BE8E}.Debug|Any CPU.ActiveCfg = Debug|Any CPU
		{B2BFABAD-DB46-4F4B-B3DC-38EC5959BE8E}.Debug|Any CPU.Build.0 = Debug|Any CPU
		{B2BFABAD-DB46-4F4B-B3DC-38EC5959BE8E}.Release|Any CPU.ActiveCfg = Release|Any CPU
		{B2BFABAD-DB46-4F4B-B3DC-38EC5959BE8E}.Release|Any CPU.Build.0 = Release|Any CPU
		{B4FD2543-DF4D-4F97-94DF-9EEBE4EE0EE4}.Debug|Any CPU.ActiveCfg = Debug|Any CPU
		{B4FD2543-DF4D-4F97-94DF-9EEBE4EE0EE4}.Debug|Any CPU.Build.0 = Debug|Any CPU
		{B4FD2543-DF4D-4F97-94DF-9EEBE4EE0EE4}.Release|Any CPU.ActiveCfg = Release|Any CPU
		{B4FD2543-DF4D-4F97-94DF-9EEBE4EE0EE4}.Release|Any CPU.Build.0 = Release|Any CPU
	EndGlobalSection
	GlobalSection(SolutionProperties) = preSolution
		HideSolutionNode = FALSE
	EndGlobalSection
	GlobalSection(ExtensibilityGlobals) = postSolution
		SolutionGuid = {5973DB60-18C2-4552-AEF1-F2D5CA016F79}
	EndGlobalSection
EndGlobal
